// !$*UTF8*$!
{
	archiveVersion = 1;
	classes = {
	};
	objectVersion = 50;
	objects = {

/* Begin PBXBuildFile section */
		DAC1D25B207D9C71002D1235 /* NEVisualStatistics.framework in Frameworks */ = {isa = PBXBuildFile; fileRef = DAC1D251207D9C71002D1235 /* NEVisualStatistics.framework */; };
		DAC1D260207D9C71002D1235 /* NEVisualStatisticsTests.swift in Sources */ = {isa = PBXBuildFile; fileRef = DAC1D25F207D9C71002D1235 /* NEVisualStatisticsTests.swift */; };
		DAC1D262207D9C71002D1235 /* NEVisualStatistics.h in Headers */ = {isa = PBXBuildFile; fileRef = DAC1D254207D9C71002D1235 /* NEVisualStatistics.h */; settings = {ATTRIBUTES = (Public, ); }; };
		DAC1D272207D9C8F002D1235 /* AppDelegate.swift in Sources */ = {isa = PBXBuildFile; fileRef = DAC1D271207D9C8F002D1235 /* AppDelegate.swift */; };
		DAC1D274207D9C8F002D1235 /* ViewController.swift in Sources */ = {isa = PBXBuildFile; fileRef = DAC1D273207D9C8F002D1235 /* ViewController.swift */; };
		DAC1D277207D9C8F002D1235 /* Main.storyboard in Resources */ = {isa = PBXBuildFile; fileRef = DAC1D275207D9C8F002D1235 /* Main.storyboard */; };
		DAC1D279207D9C92002D1235 /* Assets.xcassets in Resources */ = {isa = PBXBuildFile; fileRef = DAC1D278207D9C92002D1235 /* Assets.xcassets */; };
		DAC1D27C207D9C92002D1235 /* LaunchScreen.storyboard in Resources */ = {isa = PBXBuildFile; fileRef = DAC1D27A207D9C92002D1235 /* LaunchScreen.storyboard */; };
		DAC1D287207D9C92002D1235 /* demoTests.swift in Sources */ = {isa = PBXBuildFile; fileRef = DAC1D286207D9C92002D1235 /* demoTests.swift */; };
		DAC1D292207D9C92002D1235 /* demoUITests.swift in Sources */ = {isa = PBXBuildFile; fileRef = DAC1D291207D9C92002D1235 /* demoUITests.swift */; };
		DAC1D2BC207DB422002D1235 /* UIView+VisualStatistics.swift in Sources */ = {isa = PBXBuildFile; fileRef = DAC1D2BB207DB422002D1235 /* UIView+VisualStatistics.swift */; };
		DAC1D2C6207F35C2002D1235 /* NEVisualStatistics.framework in Frameworks */ = {isa = PBXBuildFile; fileRef = DAC1D251207D9C71002D1235 /* NEVisualStatistics.framework */; };
		DAC1D2C7207F35C2002D1235 /* NEVisualStatistics.framework in Embed Frameworks */ = {isa = PBXBuildFile; fileRef = DAC1D251207D9C71002D1235 /* NEVisualStatistics.framework */; settings = {ATTRIBUTES = (CodeSignOnCopy, RemoveHeadersOnCopy, ); }; };
/* End PBXBuildFile section */

/* Begin PBXContainerItemProxy section */
		DAC1D25C207D9C71002D1235 /* PBXContainerItemProxy */ = {
			isa = PBXContainerItemProxy;
			containerPortal = DAC1D248207D9C71002D1235 /* Project object */;
			proxyType = 1;
			remoteGlobalIDString = DAC1D250207D9C71002D1235;
			remoteInfo = NEVisualStatistics;
		};
		DAC1D283207D9C92002D1235 /* PBXContainerItemProxy */ = {
			isa = PBXContainerItemProxy;
			containerPortal = DAC1D248207D9C71002D1235 /* Project object */;
			proxyType = 1;
			remoteGlobalIDString = DAC1D26E207D9C8F002D1235;
			remoteInfo = demo;
		};
		DAC1D28E207D9C92002D1235 /* PBXContainerItemProxy */ = {
			isa = PBXContainerItemProxy;
			containerPortal = DAC1D248207D9C71002D1235 /* Project object */;
			proxyType = 1;
			remoteGlobalIDString = DAC1D26E207D9C8F002D1235;
			remoteInfo = demo;
		};
		DAC1D2C8207F35C2002D1235 /* PBXContainerItemProxy */ = {
			isa = PBXContainerItemProxy;
			containerPortal = DAC1D248207D9C71002D1235 /* Project object */;
			proxyType = 1;
			remoteGlobalIDString = DAC1D250207D9C71002D1235;
			remoteInfo = NEVisualStatistics;
		};
/* End PBXContainerItemProxy section */

/* Begin PBXCopyFilesBuildPhase section */
		DAC1D2CA207F35C2002D1235 /* Embed Frameworks */ = {
			isa = PBXCopyFilesBuildPhase;
			buildActionMask = 2147483647;
			dstPath = "";
			dstSubfolderSpec = 10;
			files = (
				DAC1D2C7207F35C2002D1235 /* NEVisualStatistics.framework in Embed Frameworks */,
			);
			name = "Embed Frameworks";
			runOnlyForDeploymentPostprocessing = 0;
		};
/* End PBXCopyFilesBuildPhase section */

/* Begin PBXFileReference section */
		DAC1D251207D9C71002D1235 /* NEVisualStatistics.framework */ = {isa = PBXFileReference; explicitFileType = wrapper.framework; includeInIndex = 0; path = NEVisualStatistics.framework; sourceTree = BUILT_PRODUCTS_DIR; };
		DAC1D254207D9C71002D1235 /* NEVisualStatistics.h */ = {isa = PBXFileReference; lastKnownFileType = sourcecode.c.h; path = NEVisualStatistics.h; sourceTree = "<group>"; };
		DAC1D255207D9C71002D1235 /* Info.plist */ = {isa = PBXFileReference; lastKnownFileType = text.plist.xml; path = Info.plist; sourceTree = "<group>"; };
		DAC1D25A207D9C71002D1235 /* NEVisualStatisticsTests.xctest */ = {isa = PBXFileReference; explicitFileType = wrapper.cfbundle; includeInIndex = 0; path = NEVisualStatisticsTests.xctest; sourceTree = BUILT_PRODUCTS_DIR; };
		DAC1D25F207D9C71002D1235 /* NEVisualStatisticsTests.swift */ = {isa = PBXFileReference; lastKnownFileType = sourcecode.swift; path = NEVisualStatisticsTests.swift; sourceTree = "<group>"; };
		DAC1D261207D9C71002D1235 /* Info.plist */ = {isa = PBXFileReference; lastKnownFileType = text.plist.xml; path = Info.plist; sourceTree = "<group>"; };
		DAC1D26F207D9C8F002D1235 /* demo.app */ = {isa = PBXFileReference; explicitFileType = wrapper.application; includeInIndex = 0; path = demo.app; sourceTree = BUILT_PRODUCTS_DIR; };
		DAC1D271207D9C8F002D1235 /* AppDelegate.swift */ = {isa = PBXFileReference; lastKnownFileType = sourcecode.swift; path = AppDelegate.swift; sourceTree = "<group>"; };
		DAC1D273207D9C8F002D1235 /* ViewController.swift */ = {isa = PBXFileReference; lastKnownFileType = sourcecode.swift; path = ViewController.swift; sourceTree = "<group>"; };
		DAC1D276207D9C8F002D1235 /* Base */ = {isa = PBXFileReference; lastKnownFileType = file.storyboard; name = Base; path = Base.lproj/Main.storyboard; sourceTree = "<group>"; };
		DAC1D278207D9C92002D1235 /* Assets.xcassets */ = {isa = PBXFileReference; lastKnownFileType = folder.assetcatalog; path = Assets.xcassets; sourceTree = "<group>"; };
		DAC1D27B207D9C92002D1235 /* Base */ = {isa = PBXFileReference; lastKnownFileType = file.storyboard; name = Base; path = Base.lproj/LaunchScreen.storyboard; sourceTree = "<group>"; };
		DAC1D27D207D9C92002D1235 /* Info.plist */ = {isa = PBXFileReference; lastKnownFileType = text.plist.xml; path = Info.plist; sourceTree = "<group>"; };
		DAC1D282207D9C92002D1235 /* demoTests.xctest */ = {isa = PBXFileReference; explicitFileType = wrapper.cfbundle; includeInIndex = 0; path = demoTests.xctest; sourceTree = BUILT_PRODUCTS_DIR; };
		DAC1D286207D9C92002D1235 /* demoTests.swift */ = {isa = PBXFileReference; lastKnownFileType = sourcecode.swift; path = demoTests.swift; sourceTree = "<group>"; };
		DAC1D288207D9C92002D1235 /* Info.plist */ = {isa = PBXFileReference; lastKnownFileType = text.plist.xml; path = Info.plist; sourceTree = "<group>"; };
		DAC1D28D207D9C92002D1235 /* demoUITests.xctest */ = {isa = PBXFileReference; explicitFileType = wrapper.cfbundle; includeInIndex = 0; path = demoUITests.xctest; sourceTree = BUILT_PRODUCTS_DIR; };
		DAC1D291207D9C92002D1235 /* demoUITests.swift */ = {isa = PBXFileReference; lastKnownFileType = sourcecode.swift; path = demoUITests.swift; sourceTree = "<group>"; };
		DAC1D293207D9C92002D1235 /* Info.plist */ = {isa = PBXFileReference; lastKnownFileType = text.plist.xml; path = Info.plist; sourceTree = "<group>"; };
		DAC1D2BB207DB422002D1235 /* UIView+VisualStatistics.swift */ = {isa = PBXFileReference; lastKnownFileType = sourcecode.swift; path = "UIView+VisualStatistics.swift"; sourceTree = "<group>"; };
/* End PBXFileReference section */

/* Begin PBXFrameworksBuildPhase section */
		DAC1D24D207D9C71002D1235 /* Frameworks */ = {
			isa = PBXFrameworksBuildPhase;
			buildActionMask = 2147483647;
			files = (
			);
			runOnlyForDeploymentPostprocessing = 0;
		};
		DAC1D257207D9C71002D1235 /* Frameworks */ = {
			isa = PBXFrameworksBuildPhase;
			buildActionMask = 2147483647;
			files = (
				DAC1D25B207D9C71002D1235 /* NEVisualStatistics.framework in Frameworks */,
			);
			runOnlyForDeploymentPostprocessing = 0;
		};
		DAC1D26C207D9C8F002D1235 /* Frameworks */ = {
			isa = PBXFrameworksBuildPhase;
			buildActionMask = 2147483647;
			files = (
				DAC1D2C6207F35C2002D1235 /* NEVisualStatistics.framework in Frameworks */,
			);
			runOnlyForDeploymentPostprocessing = 0;
		};
		DAC1D27F207D9C92002D1235 /* Frameworks */ = {
			isa = PBXFrameworksBuildPhase;
			buildActionMask = 2147483647;
			files = (
			);
			runOnlyForDeploymentPostprocessing = 0;
		};
		DAC1D28A207D9C92002D1235 /* Frameworks */ = {
			isa = PBXFrameworksBuildPhase;
			buildActionMask = 2147483647;
			files = (
			);
			runOnlyForDeploymentPostprocessing = 0;
		};
/* End PBXFrameworksBuildPhase section */

/* Begin PBXGroup section */
		DAC1D247207D9C71002D1235 = {
			isa = PBXGroup;
			children = (
				DAC1D253207D9C71002D1235 /* NEVisualStatistics */,
				DAC1D25E207D9C71002D1235 /* NEVisualStatisticsTests */,
				DAC1D270207D9C8F002D1235 /* demo */,
				DAC1D285207D9C92002D1235 /* demoTests */,
				DAC1D290207D9C92002D1235 /* demoUITests */,
				DAC1D252207D9C71002D1235 /* Products */,
				DAC1D2B4207DABE2002D1235 /* Frameworks */,
			);
			sourceTree = "<group>";
		};
		DAC1D252207D9C71002D1235 /* Products */ = {
			isa = PBXGroup;
			children = (
				DAC1D251207D9C71002D1235 /* NEVisualStatistics.framework */,
				DAC1D25A207D9C71002D1235 /* NEVisualStatisticsTests.xctest */,
				DAC1D26F207D9C8F002D1235 /* demo.app */,
				DAC1D282207D9C92002D1235 /* demoTests.xctest */,
				DAC1D28D207D9C92002D1235 /* demoUITests.xctest */,
			);
			name = Products;
			sourceTree = "<group>";
		};
		DAC1D253207D9C71002D1235 /* NEVisualStatistics */ = {
			isa = PBXGroup;
			children = (
				DAC1D2B6207DACB9002D1235 /* UIKit+Category */,
				DAC1D254207D9C71002D1235 /* NEVisualStatistics.h */,
				DAC1D255207D9C71002D1235 /* Info.plist */,
			);
			path = NEVisualStatistics;
			sourceTree = "<group>";
		};
		DAC1D25E207D9C71002D1235 /* NEVisualStatisticsTests */ = {
			isa = PBXGroup;
			children = (
				DAC1D25F207D9C71002D1235 /* NEVisualStatisticsTests.swift */,
				DAC1D261207D9C71002D1235 /* Info.plist */,
			);
			path = NEVisualStatisticsTests;
			sourceTree = "<group>";
		};
		DAC1D270207D9C8F002D1235 /* demo */ = {
			isa = PBXGroup;
			children = (
				DAC1D271207D9C8F002D1235 /* AppDelegate.swift */,
				DAC1D273207D9C8F002D1235 /* ViewController.swift */,
				DAC1D275207D9C8F002D1235 /* Main.storyboard */,
				DAC1D278207D9C92002D1235 /* Assets.xcassets */,
				DAC1D27A207D9C92002D1235 /* LaunchScreen.storyboard */,
				DAC1D27D207D9C92002D1235 /* Info.plist */,
			);
			path = demo;
			sourceTree = "<group>";
		};
		DAC1D285207D9C92002D1235 /* demoTests */ = {
			isa = PBXGroup;
			children = (
				DAC1D286207D9C92002D1235 /* demoTests.swift */,
				DAC1D288207D9C92002D1235 /* Info.plist */,
			);
			path = demoTests;
			sourceTree = "<group>";
		};
		DAC1D290207D9C92002D1235 /* demoUITests */ = {
			isa = PBXGroup;
			children = (
				DAC1D291207D9C92002D1235 /* demoUITests.swift */,
				DAC1D293207D9C92002D1235 /* Info.plist */,
			);
			path = demoUITests;
			sourceTree = "<group>";
		};
		DAC1D2B4207DABE2002D1235 /* Frameworks */ = {
			isa = PBXGroup;
			children = (
			);
			name = Frameworks;
			sourceTree = "<group>";
		};
		DAC1D2B6207DACB9002D1235 /* UIKit+Category */ = {
			isa = PBXGroup;
			children = (
				DAC1D2BB207DB422002D1235 /* UIView+VisualStatistics.swift */,
			);
			path = "UIKit+Category";
			sourceTree = "<group>";
		};
/* End PBXGroup section */

/* Begin PBXHeadersBuildPhase section */
		DAC1D24E207D9C71002D1235 /* Headers */ = {
			isa = PBXHeadersBuildPhase;
			buildActionMask = 2147483647;
			files = (
				DAC1D262207D9C71002D1235 /* NEVisualStatistics.h in Headers */,
			);
			runOnlyForDeploymentPostprocessing = 0;
		};
/* End PBXHeadersBuildPhase section */

/* Begin PBXNativeTarget section */
		DAC1D250207D9C71002D1235 /* NEVisualStatistics */ = {
			isa = PBXNativeTarget;
			buildConfigurationList = DAC1D265207D9C71002D1235 /* Build configuration list for PBXNativeTarget "NEVisualStatistics" */;
			buildPhases = (
				DAC1D24C207D9C71002D1235 /* Sources */,
				DAC1D24D207D9C71002D1235 /* Frameworks */,
				DAC1D24E207D9C71002D1235 /* Headers */,
				DAC1D24F207D9C71002D1235 /* Resources */,
			);
			buildRules = (
			);
			dependencies = (
			);
			name = NEVisualStatistics;
			productName = NEVisualStatistics;
			productReference = DAC1D251207D9C71002D1235 /* NEVisualStatistics.framework */;
			productType = "com.apple.product-type.framework";
		};
		DAC1D259207D9C71002D1235 /* NEVisualStatisticsTests */ = {
			isa = PBXNativeTarget;
			buildConfigurationList = DAC1D268207D9C71002D1235 /* Build configuration list for PBXNativeTarget "NEVisualStatisticsTests" */;
			buildPhases = (
				DAC1D256207D9C71002D1235 /* Sources */,
				DAC1D257207D9C71002D1235 /* Frameworks */,
				DAC1D258207D9C71002D1235 /* Resources */,
			);
			buildRules = (
			);
			dependencies = (
				DAC1D25D207D9C71002D1235 /* PBXTargetDependency */,
			);
			name = NEVisualStatisticsTests;
			productName = NEVisualStatisticsTests;
			productReference = DAC1D25A207D9C71002D1235 /* NEVisualStatisticsTests.xctest */;
			productType = "com.apple.product-type.bundle.unit-test";
		};
		DAC1D26E207D9C8F002D1235 /* demo */ = {
			isa = PBXNativeTarget;
			buildConfigurationList = DAC1D294207D9C92002D1235 /* Build configuration list for PBXNativeTarget "demo" */;
			buildPhases = (
				DAC1D26B207D9C8F002D1235 /* Sources */,
				DAC1D26C207D9C8F002D1235 /* Frameworks */,
				DAC1D26D207D9C8F002D1235 /* Resources */,
				DAC1D2CA207F35C2002D1235 /* Embed Frameworks */,
			);
			buildRules = (
			);
			dependencies = (
				DAC1D2C9207F35C2002D1235 /* PBXTargetDependency */,
			);
			name = demo;
			productName = demo;
			productReference = DAC1D26F207D9C8F002D1235 /* demo.app */;
			productType = "com.apple.product-type.application";
		};
		DAC1D281207D9C92002D1235 /* demoTests */ = {
			isa = PBXNativeTarget;
			buildConfigurationList = DAC1D297207D9C92002D1235 /* Build configuration list for PBXNativeTarget "demoTests" */;
			buildPhases = (
				DAC1D27E207D9C92002D1235 /* Sources */,
				DAC1D27F207D9C92002D1235 /* Frameworks */,
				DAC1D280207D9C92002D1235 /* Resources */,
			);
			buildRules = (
			);
			dependencies = (
				DAC1D284207D9C92002D1235 /* PBXTargetDependency */,
			);
			name = demoTests;
			productName = demoTests;
			productReference = DAC1D282207D9C92002D1235 /* demoTests.xctest */;
			productType = "com.apple.product-type.bundle.unit-test";
		};
		DAC1D28C207D9C92002D1235 /* demoUITests */ = {
			isa = PBXNativeTarget;
			buildConfigurationList = DAC1D29A207D9C92002D1235 /* Build configuration list for PBXNativeTarget "demoUITests" */;
			buildPhases = (
				DAC1D289207D9C92002D1235 /* Sources */,
				DAC1D28A207D9C92002D1235 /* Frameworks */,
				DAC1D28B207D9C92002D1235 /* Resources */,
			);
			buildRules = (
			);
			dependencies = (
				DAC1D28F207D9C92002D1235 /* PBXTargetDependency */,
			);
			name = demoUITests;
			productName = demoUITests;
			productReference = DAC1D28D207D9C92002D1235 /* demoUITests.xctest */;
			productType = "com.apple.product-type.bundle.ui-testing";
		};
/* End PBXNativeTarget section */

/* Begin PBXProject section */
		DAC1D248207D9C71002D1235 /* Project object */ = {
			isa = PBXProject;
			attributes = {
				LastSwiftUpdateCheck = 0930;
				LastUpgradeCheck = 0930;
				ORGANIZATIONNAME = hzyuxiaohua;
				TargetAttributes = {
					DAC1D250207D9C71002D1235 = {
						CreatedOnToolsVersion = 9.3;
						LastSwiftMigration = 0930;
					};
					DAC1D259207D9C71002D1235 = {
						CreatedOnToolsVersion = 9.3;
					};
					DAC1D26E207D9C8F002D1235 = {
						CreatedOnToolsVersion = 9.3;
					};
					DAC1D281207D9C92002D1235 = {
						CreatedOnToolsVersion = 9.3;
						TestTargetID = DAC1D26E207D9C8F002D1235;
					};
					DAC1D28C207D9C92002D1235 = {
						CreatedOnToolsVersion = 9.3;
						TestTargetID = DAC1D26E207D9C8F002D1235;
					};
				};
			};
			buildConfigurationList = DAC1D24B207D9C71002D1235 /* Build configuration list for PBXProject "NEVisualStatistics" */;
			compatibilityVersion = "Xcode 9.3";
			developmentRegion = en;
			hasScannedForEncodings = 0;
			knownRegions = (
				en,
				Base,
			);
			mainGroup = DAC1D247207D9C71002D1235;
			productRefGroup = DAC1D252207D9C71002D1235 /* Products */;
			projectDirPath = "";
			projectRoot = "";
			targets = (
				DAC1D250207D9C71002D1235 /* NEVisualStatistics */,
				DAC1D259207D9C71002D1235 /* NEVisualStatisticsTests */,
				DAC1D26E207D9C8F002D1235 /* demo */,
				DAC1D281207D9C92002D1235 /* demoTests */,
				DAC1D28C207D9C92002D1235 /* demoUITests */,
			);
		};
/* End PBXProject section */

/* Begin PBXResourcesBuildPhase section */
		DAC1D24F207D9C71002D1235 /* Resources */ = {
			isa = PBXResourcesBuildPhase;
			buildActionMask = 2147483647;
			files = (
			);
			runOnlyForDeploymentPostprocessing = 0;
		};
		DAC1D258207D9C71002D1235 /* Resources */ = {
			isa = PBXResourcesBuildPhase;
			buildActionMask = 2147483647;
			files = (
			);
			runOnlyForDeploymentPostprocessing = 0;
		};
		DAC1D26D207D9C8F002D1235 /* Resources */ = {
			isa = PBXResourcesBuildPhase;
			buildActionMask = 2147483647;
			files = (
				DAC1D27C207D9C92002D1235 /* LaunchScreen.storyboard in Resources */,
				DAC1D279207D9C92002D1235 /* Assets.xcassets in Resources */,
				DAC1D277207D9C8F002D1235 /* Main.storyboard in Resources */,
			);
			runOnlyForDeploymentPostprocessing = 0;
		};
		DAC1D280207D9C92002D1235 /* Resources */ = {
			isa = PBXResourcesBuildPhase;
			buildActionMask = 2147483647;
			files = (
			);
			runOnlyForDeploymentPostprocessing = 0;
		};
		DAC1D28B207D9C92002D1235 /* Resources */ = {
			isa = PBXResourcesBuildPhase;
			buildActionMask = 2147483647;
			files = (
			);
			runOnlyForDeploymentPostprocessing = 0;
		};
/* End PBXResourcesBuildPhase section */

/* Begin PBXSourcesBuildPhase section */
		DAC1D24C207D9C71002D1235 /* Sources */ = {
			isa = PBXSourcesBuildPhase;
			buildActionMask = 2147483647;
			files = (
				DAC1D2BC207DB422002D1235 /* UIView+VisualStatistics.swift in Sources */,
			);
			runOnlyForDeploymentPostprocessing = 0;
		};
		DAC1D256207D9C71002D1235 /* Sources */ = {
			isa = PBXSourcesBuildPhase;
			buildActionMask = 2147483647;
			files = (
				DAC1D260207D9C71002D1235 /* NEVisualStatisticsTests.swift in Sources */,
			);
			runOnlyForDeploymentPostprocessing = 0;
		};
		DAC1D26B207D9C8F002D1235 /* Sources */ = {
			isa = PBXSourcesBuildPhase;
			buildActionMask = 2147483647;
			files = (
				DAC1D274207D9C8F002D1235 /* ViewController.swift in Sources */,
				DAC1D272207D9C8F002D1235 /* AppDelegate.swift in Sources */,
			);
			runOnlyForDeploymentPostprocessing = 0;
		};
		DAC1D27E207D9C92002D1235 /* Sources */ = {
			isa = PBXSourcesBuildPhase;
			buildActionMask = 2147483647;
			files = (
				DAC1D287207D9C92002D1235 /* demoTests.swift in Sources */,
			);
			runOnlyForDeploymentPostprocessing = 0;
		};
		DAC1D289207D9C92002D1235 /* Sources */ = {
			isa = PBXSourcesBuildPhase;
			buildActionMask = 2147483647;
			files = (
				DAC1D292207D9C92002D1235 /* demoUITests.swift in Sources */,
			);
			runOnlyForDeploymentPostprocessing = 0;
		};
/* End PBXSourcesBuildPhase section */

/* Begin PBXTargetDependency section */
		DAC1D25D207D9C71002D1235 /* PBXTargetDependency */ = {
			isa = PBXTargetDependency;
			target = DAC1D250207D9C71002D1235 /* NEVisualStatistics */;
			targetProxy = DAC1D25C207D9C71002D1235 /* PBXContainerItemProxy */;
		};
		DAC1D284207D9C92002D1235 /* PBXTargetDependency */ = {
			isa = PBXTargetDependency;
			target = DAC1D26E207D9C8F002D1235 /* demo */;
			targetProxy = DAC1D283207D9C92002D1235 /* PBXContainerItemProxy */;
		};
		DAC1D28F207D9C92002D1235 /* PBXTargetDependency */ = {
			isa = PBXTargetDependency;
			target = DAC1D26E207D9C8F002D1235 /* demo */;
			targetProxy = DAC1D28E207D9C92002D1235 /* PBXContainerItemProxy */;
		};
		DAC1D2C9207F35C2002D1235 /* PBXTargetDependency */ = {
			isa = PBXTargetDependency;
			target = DAC1D250207D9C71002D1235 /* NEVisualStatistics */;
			targetProxy = DAC1D2C8207F35C2002D1235 /* PBXContainerItemProxy */;
		};
/* End PBXTargetDependency section */

/* Begin PBXVariantGroup section */
		DAC1D275207D9C8F002D1235 /* Main.storyboard */ = {
			isa = PBXVariantGroup;
			children = (
				DAC1D276207D9C8F002D1235 /* Base */,
			);
			name = Main.storyboard;
			sourceTree = "<group>";
		};
		DAC1D27A207D9C92002D1235 /* LaunchScreen.storyboard */ = {
			isa = PBXVariantGroup;
			children = (
				DAC1D27B207D9C92002D1235 /* Base */,
			);
			name = LaunchScreen.storyboard;
			sourceTree = "<group>";
		};
/* End PBXVariantGroup section */

/* Begin XCBuildConfiguration section */
		DAC1D263207D9C71002D1235 /* Debug */ = {
			isa = XCBuildConfiguration;
			buildSettings = {
				ALWAYS_SEARCH_USER_PATHS = NO;
				CLANG_ANALYZER_NONNULL = YES;
				CLANG_ANALYZER_NUMBER_OBJECT_CONVERSION = YES_AGGRESSIVE;
				CLANG_CXX_LANGUAGE_STANDARD = "gnu++14";
				CLANG_CXX_LIBRARY = "libc++";
				CLANG_ENABLE_MODULES = YES;
				CLANG_ENABLE_OBJC_ARC = YES;
				CLANG_ENABLE_OBJC_WEAK = YES;
				CLANG_WARN_BLOCK_CAPTURE_AUTORELEASING = YES;
				CLANG_WARN_BOOL_CONVERSION = YES;
				CLANG_WARN_COMMA = YES;
				CLANG_WARN_CONSTANT_CONVERSION = YES;
				CLANG_WARN_DEPRECATED_OBJC_IMPLEMENTATIONS = YES;
				CLANG_WARN_DIRECT_OBJC_ISA_USAGE = YES_ERROR;
				CLANG_WARN_DOCUMENTATION_COMMENTS = YES;
				CLANG_WARN_EMPTY_BODY = YES;
				CLANG_WARN_ENUM_CONVERSION = YES;
				CLANG_WARN_INFINITE_RECURSION = YES;
				CLANG_WARN_INT_CONVERSION = YES;
				CLANG_WARN_NON_LITERAL_NULL_CONVERSION = YES;
				CLANG_WARN_OBJC_IMPLICIT_RETAIN_SELF = YES;
				CLANG_WARN_OBJC_LITERAL_CONVERSION = YES;
				CLANG_WARN_OBJC_ROOT_CLASS = YES_ERROR;
				CLANG_WARN_RANGE_LOOP_ANALYSIS = YES;
				CLANG_WARN_STRICT_PROTOTYPES = YES;
				CLANG_WARN_SUSPICIOUS_MOVE = YES;
				CLANG_WARN_UNGUARDED_AVAILABILITY = YES_AGGRESSIVE;
				CLANG_WARN_UNREACHABLE_CODE = YES;
				CLANG_WARN__DUPLICATE_METHOD_MATCH = YES;
				CODE_SIGN_IDENTITY = "iPhone Developer";
				COPY_PHASE_STRIP = NO;
				CURRENT_PROJECT_VERSION = 1;
				DEBUG_INFORMATION_FORMAT = dwarf;
				ENABLE_STRICT_OBJC_MSGSEND = YES;
				ENABLE_TESTABILITY = YES;
				GCC_C_LANGUAGE_STANDARD = gnu11;
				GCC_DYNAMIC_NO_PIC = NO;
				GCC_NO_COMMON_BLOCKS = YES;
				GCC_OPTIMIZATION_LEVEL = 0;
				GCC_PREPROCESSOR_DEFINITIONS = (
					"DEBUG=1",
					"$(inherited)",
				);
				GCC_WARN_64_TO_32_BIT_CONVERSION = YES;
				GCC_WARN_ABOUT_RETURN_TYPE = YES_ERROR;
				GCC_WARN_UNDECLARED_SELECTOR = YES;
				GCC_WARN_UNINITIALIZED_AUTOS = YES_AGGRESSIVE;
				GCC_WARN_UNUSED_FUNCTION = YES;
				GCC_WARN_UNUSED_VARIABLE = YES;
				IPHONEOS_DEPLOYMENT_TARGET = 11.3;
				MTL_ENABLE_DEBUG_INFO = YES;
				ONLY_ACTIVE_ARCH = YES;
				SDKROOT = iphoneos;
				SWIFT_ACTIVE_COMPILATION_CONDITIONS = DEBUG;
				SWIFT_OPTIMIZATION_LEVEL = "-Onone";
				VERSIONING_SYSTEM = "apple-generic";
				VERSION_INFO_PREFIX = "";
			};
			name = Debug;
		};
		DAC1D264207D9C71002D1235 /* Release */ = {
			isa = XCBuildConfiguration;
			buildSettings = {
				ALWAYS_SEARCH_USER_PATHS = NO;
				CLANG_ANALYZER_NONNULL = YES;
				CLANG_ANALYZER_NUMBER_OBJECT_CONVERSION = YES_AGGRESSIVE;
				CLANG_CXX_LANGUAGE_STANDARD = "gnu++14";
				CLANG_CXX_LIBRARY = "libc++";
				CLANG_ENABLE_MODULES = YES;
				CLANG_ENABLE_OBJC_ARC = YES;
				CLANG_ENABLE_OBJC_WEAK = YES;
				CLANG_WARN_BLOCK_CAPTURE_AUTORELEASING = YES;
				CLANG_WARN_BOOL_CONVERSION = YES;
				CLANG_WARN_COMMA = YES;
				CLANG_WARN_CONSTANT_CONVERSION = YES;
				CLANG_WARN_DEPRECATED_OBJC_IMPLEMENTATIONS = YES;
				CLANG_WARN_DIRECT_OBJC_ISA_USAGE = YES_ERROR;
				CLANG_WARN_DOCUMENTATION_COMMENTS = YES;
				CLANG_WARN_EMPTY_BODY = YES;
				CLANG_WARN_ENUM_CONVERSION = YES;
				CLANG_WARN_INFINITE_RECURSION = YES;
				CLANG_WARN_INT_CONVERSION = YES;
				CLANG_WARN_NON_LITERAL_NULL_CONVERSION = YES;
				CLANG_WARN_OBJC_IMPLICIT_RETAIN_SELF = YES;
				CLANG_WARN_OBJC_LITERAL_CONVERSION = YES;
				CLANG_WARN_OBJC_ROOT_CLASS = YES_ERROR;
				CLANG_WARN_RANGE_LOOP_ANALYSIS = YES;
				CLANG_WARN_STRICT_PROTOTYPES = YES;
				CLANG_WARN_SUSPICIOUS_MOVE = YES;
				CLANG_WARN_UNGUARDED_AVAILABILITY = YES_AGGRESSIVE;
				CLANG_WARN_UNREACHABLE_CODE = YES;
				CLANG_WARN__DUPLICATE_METHOD_MATCH = YES;
				CODE_SIGN_IDENTITY = "iPhone Developer";
				COPY_PHASE_STRIP = NO;
				CURRENT_PROJECT_VERSION = 1;
				DEBUG_INFORMATION_FORMAT = "dwarf-with-dsym";
				ENABLE_NS_ASSERTIONS = NO;
				ENABLE_STRICT_OBJC_MSGSEND = YES;
				GCC_C_LANGUAGE_STANDARD = gnu11;
				GCC_NO_COMMON_BLOCKS = YES;
				GCC_WARN_64_TO_32_BIT_CONVERSION = YES;
				GCC_WARN_ABOUT_RETURN_TYPE = YES_ERROR;
				GCC_WARN_UNDECLARED_SELECTOR = YES;
				GCC_WARN_UNINITIALIZED_AUTOS = YES_AGGRESSIVE;
				GCC_WARN_UNUSED_FUNCTION = YES;
				GCC_WARN_UNUSED_VARIABLE = YES;
				IPHONEOS_DEPLOYMENT_TARGET = 11.3;
				MTL_ENABLE_DEBUG_INFO = NO;
				SDKROOT = iphoneos;
				SWIFT_COMPILATION_MODE = wholemodule;
				SWIFT_OPTIMIZATION_LEVEL = "-O";
				VALIDATE_PRODUCT = YES;
				VERSIONING_SYSTEM = "apple-generic";
				VERSION_INFO_PREFIX = "";
			};
			name = Release;
		};
		DAC1D266207D9C71002D1235 /* Debug */ = {
			isa = XCBuildConfiguration;
			buildSettings = {
				CLANG_ENABLE_MODULES = YES;
				CODE_SIGN_IDENTITY = "";
				CODE_SIGN_STYLE = Automatic;
				DEFINES_MODULE = YES;
				DEVELOPMENT_TEAM = 3LH7676BHR;
				DYLIB_COMPATIBILITY_VERSION = 1;
				DYLIB_CURRENT_VERSION = 1;
				DYLIB_INSTALL_NAME_BASE = "@rpath";
				INFOPLIST_FILE = NEVisualStatistics/Info.plist;
				INSTALL_PATH = "$(LOCAL_LIBRARY_DIR)/Frameworks";
				IPHONEOS_DEPLOYMENT_TARGET = 8.0;
				LD_RUNPATH_SEARCH_PATHS = (
					"$(inherited)",
					"@executable_path/Frameworks",
					"@loader_path/Frameworks",
				);
				PRODUCT_BUNDLE_IDENTIFIER = com.xy.NEVisualStatistics;
				PRODUCT_NAME = "$(TARGET_NAME:c99extidentifier)";
				SKIP_INSTALL = YES;
				SWIFT_OPTIMIZATION_LEVEL = "-Onone";
				SWIFT_VERSION = 4.0;
				TARGETED_DEVICE_FAMILY = "1,2";
			};
			name = Debug;
		};
		DAC1D267207D9C71002D1235 /* Release */ = {
			isa = XCBuildConfiguration;
			buildSettings = {
				CLANG_ENABLE_MODULES = YES;
				CODE_SIGN_IDENTITY = "";
				CODE_SIGN_STYLE = Automatic;
				DEFINES_MODULE = YES;
				DEVELOPMENT_TEAM = 3LH7676BHR;
				DYLIB_COMPATIBILITY_VERSION = 1;
				DYLIB_CURRENT_VERSION = 1;
				DYLIB_INSTALL_NAME_BASE = "@rpath";
				INFOPLIST_FILE = NEVisualStatistics/Info.plist;
				INSTALL_PATH = "$(LOCAL_LIBRARY_DIR)/Frameworks";
				IPHONEOS_DEPLOYMENT_TARGET = 8.0;
				LD_RUNPATH_SEARCH_PATHS = (
					"$(inherited)",
					"@executable_path/Frameworks",
					"@loader_path/Frameworks",
				);
				PRODUCT_BUNDLE_IDENTIFIER = com.xy.NEVisualStatistics;
				PRODUCT_NAME = "$(TARGET_NAME:c99extidentifier)";
				SKIP_INSTALL = YES;
				SWIFT_VERSION = 4.0;
				TARGETED_DEVICE_FAMILY = "1,2";
			};
			name = Release;
		};
		DAC1D269207D9C71002D1235 /* Debug */ = {
			isa = XCBuildConfiguration;
			buildSettings = {
				ALWAYS_EMBED_SWIFT_STANDARD_LIBRARIES = YES;
				CODE_SIGN_STYLE = Automatic;
				DEVELOPMENT_TEAM = 3LH7676BHR;
				INFOPLIST_FILE = NEVisualStatisticsTests/Info.plist;
				LD_RUNPATH_SEARCH_PATHS = (
					"$(inherited)",
					"@executable_path/Frameworks",
					"@loader_path/Frameworks",
				);
				PRODUCT_BUNDLE_IDENTIFIER = com.xy.NEVisualStatisticsTests;
				PRODUCT_NAME = "$(TARGET_NAME)";
				SWIFT_VERSION = 4.0;
				TARGETED_DEVICE_FAMILY = "1,2";
			};
			name = Debug;
		};
		DAC1D26A207D9C71002D1235 /* Release */ = {
			isa = XCBuildConfiguration;
			buildSettings = {
				ALWAYS_EMBED_SWIFT_STANDARD_LIBRARIES = YES;
				CODE_SIGN_STYLE = Automatic;
				DEVELOPMENT_TEAM = 3LH7676BHR;
				INFOPLIST_FILE = NEVisualStatisticsTests/Info.plist;
				LD_RUNPATH_SEARCH_PATHS = (
					"$(inherited)",
					"@executable_path/Frameworks",
					"@loader_path/Frameworks",
				);
				PRODUCT_BUNDLE_IDENTIFIER = com.xy.NEVisualStatisticsTests;
				PRODUCT_NAME = "$(TARGET_NAME)";
				SWIFT_VERSION = 4.0;
				TARGETED_DEVICE_FAMILY = "1,2";
			};
			name = Release;
		};
		DAC1D295207D9C92002D1235 /* Debug */ = {
			isa = XCBuildConfiguration;
			buildSettings = {
				ALWAYS_EMBED_SWIFT_STANDARD_LIBRARIES = YES;
				ASSETCATALOG_COMPILER_APPICON_NAME = AppIcon;
				CODE_SIGN_STYLE = Automatic;
				DEVELOPMENT_TEAM = 3LH7676BHR;
				INFOPLIST_FILE = demo/Info.plist;
				IPHONEOS_DEPLOYMENT_TARGET = 8.0;
				LD_RUNPATH_SEARCH_PATHS = (
					"$(inherited)",
					"@executable_path/Frameworks",
				);
				PRODUCT_BUNDLE_IDENTIFIER = com.xy.visualstatistics;
				PRODUCT_NAME = "$(TARGET_NAME)";
				SWIFT_VERSION = 4.0;
				TARGETED_DEVICE_FAMILY = "1,2";
			};
			name = Debug;
		};
		DAC1D296207D9C92002D1235 /* Release */ = {
			isa = XCBuildConfiguration;
			buildSettings = {
				ALWAYS_EMBED_SWIFT_STANDARD_LIBRARIES = YES;
				ASSETCATALOG_COMPILER_APPICON_NAME = AppIcon;
				CODE_SIGN_STYLE = Automatic;
				DEVELOPMENT_TEAM = 3LH7676BHR;
				INFOPLIST_FILE = demo/Info.plist;
				IPHONEOS_DEPLOYMENT_TARGET = 8.0;
				LD_RUNPATH_SEARCH_PATHS = (
					"$(inherited)",
					"@executable_path/Frameworks",
				);
				PRODUCT_BUNDLE_IDENTIFIER = com.xy.visualstatistics;
				PRODUCT_NAME = "$(TARGET_NAME)";
				SWIFT_VERSION = 4.0;
				TARGETED_DEVICE_FAMILY = "1,2";
			};
			name = Release;
		};
		DAC1D298207D9C92002D1235 /* Debug */ = {
			isa = XCBuildConfiguration;
			buildSettings = {
				ALWAYS_EMBED_SWIFT_STANDARD_LIBRARIES = YES;
				BUNDLE_LOADER = "$(TEST_HOST)";
				CODE_SIGN_STYLE = Automatic;
				DEVELOPMENT_TEAM = 3LH7676BHR;
				INFOPLIST_FILE = demoTests/Info.plist;
				LD_RUNPATH_SEARCH_PATHS = (
					"$(inherited)",
					"@executable_path/Frameworks",
					"@loader_path/Frameworks",
				);
				PRODUCT_BUNDLE_IDENTIFIER = com.xy.demoTests;
				PRODUCT_NAME = "$(TARGET_NAME)";
				SWIFT_VERSION = 4.0;
				TARGETED_DEVICE_FAMILY = "1,2";
				TEST_HOST = "$(BUILT_PRODUCTS_DIR)/demo.app/demo";
			};
			name = Debug;
		};
		DAC1D299207D9C92002D1235 /* Release */ = {
			isa = XCBuildConfiguration;
			buildSettings = {
				ALWAYS_EMBED_SWIFT_STANDARD_LIBRARIES = YES;
				BUNDLE_LOADER = "$(TEST_HOST)";
				CODE_SIGN_STYLE = Automatic;
				DEVELOPMENT_TEAM = 3LH7676BHR;
				INFOPLIST_FILE = demoTests/Info.plist;
				LD_RUNPATH_SEARCH_PATHS = (
					"$(inherited)",
					"@executable_path/Frameworks",
					"@loader_path/Frameworks",
				);
				PRODUCT_BUNDLE_IDENTIFIER = com.xy.demoTests;
				PRODUCT_NAME = "$(TARGET_NAME)";
				SWIFT_VERSION = 4.0;
				TARGETED_DEVICE_FAMILY = "1,2";
				TEST_HOST = "$(BUILT_PRODUCTS_DIR)/demo.app/demo";
			};
			name = Release;
		};
		DAC1D29B207D9C92002D1235 /* Debug */ = {
			isa = XCBuildConfiguration;
			buildSettings = {
				ALWAYS_EMBED_SWIFT_STANDARD_LIBRARIES = YES;
				CODE_SIGN_STYLE = Automatic;
				DEVELOPMENT_TEAM = 3LH7676BHR;
				INFOPLIST_FILE = demoUITests/Info.plist;
				LD_RUNPATH_SEARCH_PATHS = (
					"$(inherited)",
					"@executable_path/Frameworks",
					"@loader_path/Frameworks",
				);
				PRODUCT_BUNDLE_IDENTIFIER = com.xy.demoUITests;
				PRODUCT_NAME = "$(TARGET_NAME)";
				SWIFT_VERSION = 4.0;
				TARGETED_DEVICE_FAMILY = "1,2";
				TEST_TARGET_NAME = demo;
			};
			name = Debug;
		};
		DAC1D29C207D9C92002D1235 /* Release */ = {
			isa = XCBuildConfiguration;
			buildSettings = {
				ALWAYS_EMBED_SWIFT_STANDARD_LIBRARIES = YES;
				CODE_SIGN_STYLE = Automatic;
				DEVELOPMENT_TEAM = 3LH7676BHR;
				INFOPLIST_FILE = demoUITests/Info.plist;
				LD_RUNPATH_SEARCH_PATHS = (
					"$(inherited)",
					"@executable_path/Frameworks",
					"@loader_path/Frameworks",
				);
				PRODUCT_BUNDLE_IDENTIFIER = com.xy.demoUITests;
				PRODUCT_NAME = "$(TARGET_NAME)";
				SWIFT_VERSION = 4.0;
				TARGETED_DEVICE_FAMILY = "1,2";
				TEST_TARGET_NAME = demo;
			};
			name = Release;
		};
/* End XCBuildConfiguration section */

/* Begin XCConfigurationList section */
		DAC1D24B207D9C71002D1235 /* Build configuration list for PBXProject "NEVisualStatistics" */ = {
			isa = XCConfigurationList;
			buildConfigurations = (
				DAC1D263207D9C71002D1235 /* Debug */,
				DAC1D264207D9C71002D1235 /* Release */,
			);
			defaultConfigurationIsVisible = 0;
			defaultConfigurationName = Release;
		};
		DAC1D265207D9C71002D1235 /* Build configuration list for PBXNativeTarget "NEVisualStatistics" */ = {
			isa = XCConfigurationList;
			buildConfigurations = (
				DAC1D266207D9C71002D1235 /* Debug */,
				DAC1D267207D9C71002D1235 /* Release */,
			);
			defaultConfigurationIsVisible = 0;
			defaultConfigurationName = Release;
		};
		DAC1D268207D9C71002D1235 /* Build configuration list for PBXNativeTarget "NEVisualStatisticsTests" */ = {
			isa = XCConfigurationList;
			buildConfigurations = (
				DAC1D269207D9C71002D1235 /* Debug */,
				DAC1D26A207D9C71002D1235 /* Release */,
			);
			defaultConfigurationIsVisible = 0;
			defaultConfigurationName = Release;
		};
		DAC1D294207D9C92002D1235 /* Build configuration list for PBXNativeTarget "demo" */ = {
			isa = XCConfigurationList;
			buildConfigurations = (
				DAC1D295207D9C92002D1235 /* Debug */,
				DAC1D296207D9C92002D1235 /* Release */,
			);
			defaultConfigurationIsVisible = 0;
			defaultConfigurationName = Release;
		};
		DAC1D297207D9C92002D1235 /* Build configuration list for PBXNativeTarget "demoTests" */ = {
			isa = XCConfigurationList;
			buildConfigurations = (
				DAC1D298207D9C92002D1235 /* Debug */,
				DAC1D299207D9C92002D1235 /* Release */,
			);
			defaultConfigurationIsVisible = 0;
			defaultConfigurationName = Release;
		};
		DAC1D29A207D9C92002D1235 /* Build configuration list for PBXNativeTarget "demoUITests" */ = {
			isa = XCConfigurationList;
			buildConfigurations = (
				DAC1D29B207D9C92002D1235 /* Debug */,
				DAC1D29C207D9C92002D1235 /* Release */,
			);
			defaultConfigurationIsVisible = 0;
			defaultConfigurationName = Release;
		};
/* End XCConfigurationList section */
	};
	rootObject = DAC1D248207D9C71002D1235 /* Project object */;
}
